<?xml version="1.0" encoding="utf-8"?>
<Project ToolsVersion="4.0" xmlns="http://schemas.microsoft.com/developer/msbuild/2003">
  <ItemGroup>
    <Filter Include="源文件">
      <UniqueIdentifier>{4FC737F1-C7A5-4376-A066-2A32D752A2FF}</UniqueIdentifier>
      <Extensions>cpp;c;cc;cxx;def;odl;idl;hpj;bat;asm;asmx</Extensions>
    </Filter>
    <Filter Include="头文件">
      <UniqueIdentifier>{93995380-89BD-4b04-88EB-625FBE52EBFB}</UniqueIdentifier>
      <Extensions>h;hh;hpp;hxx;hm;inl;inc;ipp;xsd</Extensions>
    </Filter>
    <Filter Include="资源文件">
      <UniqueIdentifier>{67DA6AB6-F800-4c08-8B7A-83BB121AAD01}</UniqueIdentifier>
      <Extensions>rc;ico;cur;bmp;dlg;rc2;rct;bin;rgs;gif;jpg;jpeg;jpe;resx;tiff;tif;png;wav;mfcribbon-ms</Extensions>
    </Filter>
    <Filter Include="gui">
      <UniqueIdentifier>{723827b6-dfc7-4ca2-823c-8a7ac1c666f0}</UniqueIdentifier>
    </Filter>
    <Filter Include="gui\login">
      <UniqueIdentifier>{0aea6fce-34cd-4b01-ac05-7720469c7204}</UniqueIdentifier>
    </Filter>
    <Filter Include="gui\home">
      <UniqueIdentifier>{908650fd-f1c7-4370-972a-7926490f6ec4}</UniqueIdentifier>
    </Filter>
    <Filter Include="helper">
      <UniqueIdentifier>{5d4ebf77-62ce-4721-bc38-7818e19fb1b9}</UniqueIdentifier>
    </Filter>
    <Filter Include="gui\session">
      <UniqueIdentifier>{be5c6c00-028a-4752-b2ed-908ede4a1b0c}</UniqueIdentifier>
    </Filter>
  </ItemGroup>
  <ItemGroup>
    <ClInclude Include="stdafx.h">
      <Filter>头文件</Filter>
    </ClInclude>
    <ClInclude Include="targetver.h">
      <Filter>头文件</Filter>
    </ClInclude>
    <ClInclude Include="resource.h">
      <Filter>头文件</Filter>
    </ClInclude>
    <ClInclude Include="main.h">
      <Filter>头文件</Filter>
    </ClInclude>
    <ClInclude Include="gui\login\login_form.h">
      <Filter>gui\login</Filter>
    </ClInclude>
    <ClInclude Include="gui\home\home_form.h">
      <Filter>gui\home</Filter>
    </ClInclude>
    <ClInclude Include="helper\config.h">
      <Filter>helper</Filter>
    </ClInclude>
    <ClInclude Include="gui\login\login_setting_form.h">
      <Filter>gui\login</Filter>
    </ClInclude>
    <ClInclude Include="gui\session\session_item.h">
      <Filter>gui\session</Filter>
    </ClInclude>
    <ClInclude Include="gui\session\session_box.h">
      <Filter>gui\session</Filter>
    </ClInclude>
  </ItemGroup>
  <ItemGroup>
    <ClCompile Include="stdafx.cpp">
      <Filter>源文件</Filter>
    </ClCompile>
    <ClCompile Include="main.cpp">
      <Filter>源文件</Filter>
    </ClCompile>
    <ClCompile Include="gui\login\login_form.cpp">
      <Filter>gui\login</Filter>
    </ClCompile>
    <ClCompile Include="gui\home\home_form.cpp">
      <Filter>gui\home</Filter>
    </ClCompile>
    <ClCompile Include="helper\config.cpp">
      <Filter>helper</Filter>
    </ClCompile>
    <ClCompile Include="gui\login\login_setting_form.cpp">
      <Filter>gui\login</Filter>
    </ClCompile>
    <ClCompile Include="gui\session\session_item.cpp">
      <Filter>gui\session</Filter>
    </ClCompile>
    <ClCompile Include="gui\session\session_box.cpp">
      <Filter>gui\session</Filter>
    </ClCompile>
  </ItemGroup>
  <ItemGroup>
    <ResourceCompile Include="basic.rc">
      <Filter>资源文件</Filter>
    </ResourceCompile>
  </ItemGroup>
  <ItemGroup>
    <Image Include="small.ico">
      <Filter>资源文件</Filter>
    </Image>
    <Image Include="basic.ico">
      <Filter>资源文件</Filter>
    </Image>
  </ItemGroup>
</Project>