<?xml version="1.0" encoding="utf-8"?>
<Project ToolsVersion="4.0" xmlns="http://schemas.microsoft.com/developer/msbuild/2003">
  <ItemGroup>
    <Filter Include="core">
      <UniqueIdentifier>{1a12ef54-2706-49e6-9738-11a2dcc435b9}</UniqueIdentifier>
    </Filter>
    <Filter Include="core\pb">
      <UniqueIdentifier>{76bb9768-9929-4bfc-9ef2-ae507c588ccf}</UniqueIdentifier>
    </Filter>
    <Filter Include="base">
      <UniqueIdentifier>{973dbf31-b4b4-4cfc-b18f-a6841a6dd274}</UniqueIdentifier>
    </Filter>
  </ItemGroup>
  <ItemGroup>
    <ClInclude Include="cim.h" />
    <ClInclude Include="cim_def.h" />
    <ClInclude Include="cim_dll.h" />
    <ClInclude Include="core\cim_conn_base.h">
      <Filter>core</Filter>
    </ClInclude>
    <ClInclude Include="core\event_loop.h">
      <Filter>core</Filter>
    </ClInclude>
    <ClInclude Include="core\tcp_client.h">
      <Filter>core</Filter>
    </ClInclude>
    <ClInclude Include="core\pb\CIM.Def.pb.h">
      <Filter>core\pb</Filter>
    </ClInclude>
    <ClInclude Include="core\pb\CIM.Group.pb.h">
      <Filter>core\pb</Filter>
    </ClInclude>
    <ClInclude Include="core\pb\CIM.List.pb.h">
      <Filter>core\pb</Filter>
    </ClInclude>
    <ClInclude Include="core\pb\CIM.Login.pb.h">
      <Filter>core\pb</Filter>
    </ClInclude>
    <ClInclude Include="core\pb\CIM.Message.pb.h">
      <Filter>core\pb</Filter>
    </ClInclude>
    <ClInclude Include="core\pb\CIM.Voip.pb.h">
      <Filter>core\pb</Filter>
    </ClInclude>
    <ClInclude Include="base\Exception.h">
      <Filter>base</Filter>
    </ClInclude>
    <ClInclude Include="base\Log.h">
      <Filter>base</Filter>
    </ClInclude>
    <ClInclude Include="base\noncopyable.h">
      <Filter>base</Filter>
    </ClInclude>
  </ItemGroup>
  <ItemGroup>
    <ClCompile Include="main.cpp" />
    <ClCompile Include="core\event_loop.cpp">
      <Filter>core</Filter>
    </ClCompile>
    <ClCompile Include="core\tcp_client.cpp">
      <Filter>core</Filter>
    </ClCompile>
    <ClCompile Include="core\pb\CIM.Def.pb.cc">
      <Filter>core\pb</Filter>
    </ClCompile>
    <ClCompile Include="core\pb\CIM.Group.pb.cc">
      <Filter>core\pb</Filter>
    </ClCompile>
    <ClCompile Include="core\pb\CIM.List.pb.cc">
      <Filter>core\pb</Filter>
    </ClCompile>
    <ClCompile Include="core\pb\CIM.Login.pb.cc">
      <Filter>core\pb</Filter>
    </ClCompile>
    <ClCompile Include="core\pb\CIM.Message.pb.cc">
      <Filter>core\pb</Filter>
    </ClCompile>
    <ClCompile Include="core\pb\CIM.Voip.pb.cc">
      <Filter>core\pb</Filter>
    </ClCompile>
    <ClCompile Include="base\Exception.cpp">
      <Filter>base</Filter>
    </ClCompile>
    <ClCompile Include="base\Log.cpp">
      <Filter>base</Filter>
    </ClCompile>
  </ItemGroup>
</Project>